
Microsoft Visual Studio Solution File, Format Version 12.00
Project("{FAE04EC0-301F-11D3-BF4B-00C04F79EFBC}") = "ConsoleApp1", "ConsoleApp1\ConsoleApp1.csproj", "{AE63B57D-9C20-41CF-BE1A-C1A249F40F06}"
EndProject
Global
	GlobalSection(SolutionConfigurationPlatforms) = preSolution
		Debug|Any CPU = Debug|Any CPU
		Release|Any CPU = Release|Any CPU
	EndGlobalSection
	GlobalSection(ProjectConfigurationPlatforms) = postSolution
		{AE63B57D-9C20-41CF-BE1A-C1A249F40F06}.Debug|Any CPU.ActiveCfg = Debug|Any CPU
		{AE63B57D-9C20-41CF-BE1A-C1A249F40F06}.Debug|Any CPU.Build.0 = Debug|Any CPU
		{AE63B57D-9C20-41CF-BE1A-C1A249F40F06}.Release|Any CPU.ActiveCfg = Release|Any CPU
		{AE63B57D-9C20-41CF-BE1A-C1A249F40F06}.Release|Any CPU.Build.0 = Release|Any CPU
	EndGlobalSection
EndGlobal
